
Microsoft Visual Studio Solution File, Format Version 12.00
# Visual Studio Version 16
VisualStudioVersion = 16.0.29613.14
MinimumVisualStudioVersion = 10.0.40219.1
Project("{FAE04EC0-301F-11D3-BF4B-00C04F79EFBC}") = "HandsOnAbstract", "HandsOnAbstract.csproj", "{0BF8C3FF-18C1-44D4-891E-AA98115324B0}"
EndProject
Global
	GlobalSection(SolutionConfigurationPlatforms) = preSolution
		Debug|Any CPU = Debug|Any CPU
		Release|Any CPU = Release|Any CPU
	EndGlobalSection
	GlobalSection(ProjectConfigurationPlatforms) = postSolution
		{0BF8C3FF-18C1-44D4-891E-AA98115324B0}.Debug|Any CPU.ActiveCfg = Debug|Any CPU
		{0BF8C3FF-18C1-44D4-891E-AA98115324B0}.Debug|Any CPU.Build.0 = Debug|Any CPU
		{0BF8C3FF-18C1-44D4-891E-AA98115324B0}.Release|Any CPU.ActiveCfg = Release|Any CPU
		{0BF8C3FF-18C1-44D4-891E-AA98115324B0}.Release|Any CPU.Build.0 = Release|Any CPU
	EndGlobalSection
	GlobalSection(SolutionProperties) = preSolution
		HideSolutionNode = FALSE
	EndGlobalSection
	GlobalSection(ExtensibilityGlobals) = postSolution
		SolutionGuid = {D591CA79-F695-4743-AE72-87E5855EDA84}
	EndGlobalSection
EndGlobal
