
Microsoft Visual Studio Solution File, Format Version 12.00
# Visual Studio Version 16
VisualStudioVersion = 16.0.29613.14
MinimumVisualStudioVersion = 10.0.40219.1
Project("{FAE04EC0-301F-11D3-BF4B-00C04F79EFBC}") = "HandsOnInheritance", "HandsOnInheritance.csproj", "{53B2E85A-0DD6-4007-A634-C7D498F2D9A6}"
EndProject
Global
	GlobalSection(SolutionConfigurationPlatforms) = preSolution
		Debug|Any CPU = Debug|Any CPU
		Release|Any CPU = Release|Any CPU
	EndGlobalSection
	GlobalSection(ProjectConfigurationPlatforms) = postSolution
		{53B2E85A-0DD6-4007-A634-C7D498F2D9A6}.Debug|Any CPU.ActiveCfg = Debug|Any CPU
		{53B2E85A-0DD6-4007-A634-C7D498F2D9A6}.Debug|Any CPU.Build.0 = Debug|Any CPU
		{53B2E85A-0DD6-4007-A634-C7D498F2D9A6}.Release|Any CPU.ActiveCfg = Release|Any CPU
		{53B2E85A-0DD6-4007-A634-C7D498F2D9A6}.Release|Any CPU.Build.0 = Release|Any CPU
	EndGlobalSection
	GlobalSection(SolutionProperties) = preSolution
		HideSolutionNode = FALSE
	EndGlobalSection
	GlobalSection(ExtensibilityGlobals) = postSolution
		SolutionGuid = {E2F82574-6970-40DF-92EC-62DED07F46A3}
	EndGlobalSection
EndGlobal
