
Microsoft Visual Studio Solution File, Format Version 12.00
# Visual Studio Version 16
VisualStudioVersion = 16.0.29613.14
MinimumVisualStudioVersion = 10.0.40219.1
Project("{FAE04EC0-301F-11D3-BF4B-00C04F79EFBC}") = "StudentData", "StudentData.csproj", "{130CA060-8143-4F0B-863C-22EC8E1B9A48}"
EndProject
Global
	GlobalSection(SolutionConfigurationPlatforms) = preSolution
		Debug|Any CPU = Debug|Any CPU
		Release|Any CPU = Release|Any CPU
	EndGlobalSection
	GlobalSection(ProjectConfigurationPlatforms) = postSolution
		{130CA060-8143-4F0B-863C-22EC8E1B9A48}.Debug|Any CPU.ActiveCfg = Debug|Any CPU
		{130CA060-8143-4F0B-863C-22EC8E1B9A48}.Debug|Any CPU.Build.0 = Debug|Any CPU
		{130CA060-8143-4F0B-863C-22EC8E1B9A48}.Release|Any CPU.ActiveCfg = Release|Any CPU
		{130CA060-8143-4F0B-863C-22EC8E1B9A48}.Release|Any CPU.Build.0 = Release|Any CPU
	EndGlobalSection
	GlobalSection(SolutionProperties) = preSolution
		HideSolutionNode = FALSE
	EndGlobalSection
	GlobalSection(ExtensibilityGlobals) = postSolution
		SolutionGuid = {DD1F18BE-74D7-4C8C-BBD5-8B72DD182E56}
	EndGlobalSection
EndGlobal
