
Microsoft Visual Studio Solution File, Format Version 12.00
# Visual Studio Version 16
VisualStudioVersion = 16.0.29613.14
MinimumVisualStudioVersion = 10.0.40219.1
Project("{FAE04EC0-301F-11D3-BF4B-00C04F79EFBC}") = "HandsOnConditionlStatement", "HandsOnConditionlStatement.csproj", "{D60D18C3-D7D4-4D1A-83F6-9EB88B667933}"
EndProject
Global
	GlobalSection(SolutionConfigurationPlatforms) = preSolution
		Debug|Any CPU = Debug|Any CPU
		Release|Any CPU = Release|Any CPU
	EndGlobalSection
	GlobalSection(ProjectConfigurationPlatforms) = postSolution
		{D60D18C3-D7D4-4D1A-83F6-9EB88B667933}.Debug|Any CPU.ActiveCfg = Debug|Any CPU
		{D60D18C3-D7D4-4D1A-83F6-9EB88B667933}.Debug|Any CPU.Build.0 = Debug|Any CPU
		{D60D18C3-D7D4-4D1A-83F6-9EB88B667933}.Release|Any CPU.ActiveCfg = Release|Any CPU
		{D60D18C3-D7D4-4D1A-83F6-9EB88B667933}.Release|Any CPU.Build.0 = Release|Any CPU
	EndGlobalSection
	GlobalSection(SolutionProperties) = preSolution
		HideSolutionNode = FALSE
	EndGlobalSection
	GlobalSection(ExtensibilityGlobals) = postSolution
		SolutionGuid = {C5F4ECB9-DCE3-401E-8625-966F0137B13B}
	EndGlobalSection
EndGlobal
