
Microsoft Visual Studio Solution File, Format Version 12.00
# Visual Studio Version 16
VisualStudioVersion = 16.0.29613.14
MinimumVisualStudioVersion = 10.0.40219.1
Project("{FAE04EC0-301F-11D3-BF4B-00C04F79EFBC}") = "InterfaceIstudent", "InterfaceIstudent.csproj", "{2EFE8787-E82F-4C58-AF14-19EDD5DEEE69}"
EndProject
Global
	GlobalSection(SolutionConfigurationPlatforms) = preSolution
		Debug|Any CPU = Debug|Any CPU
		Release|Any CPU = Release|Any CPU
	EndGlobalSection
	GlobalSection(ProjectConfigurationPlatforms) = postSolution
		{2EFE8787-E82F-4C58-AF14-19EDD5DEEE69}.Debug|Any CPU.ActiveCfg = Debug|Any CPU
		{2EFE8787-E82F-4C58-AF14-19EDD5DEEE69}.Debug|Any CPU.Build.0 = Debug|Any CPU
		{2EFE8787-E82F-4C58-AF14-19EDD5DEEE69}.Release|Any CPU.ActiveCfg = Release|Any CPU
		{2EFE8787-E82F-4C58-AF14-19EDD5DEEE69}.Release|Any CPU.Build.0 = Release|Any CPU
	EndGlobalSection
	GlobalSection(SolutionProperties) = preSolution
		HideSolutionNode = FALSE
	EndGlobalSection
	GlobalSection(ExtensibilityGlobals) = postSolution
		SolutionGuid = {BABFEAC6-38EA-4272-9742-487BD0B3A82F}
	EndGlobalSection
EndGlobal
