
Microsoft Visual Studio Solution File, Format Version 12.00
# Visual Studio Version 16
VisualStudioVersion = 16.0.29613.14
MinimumVisualStudioVersion = 10.0.40219.1
Project("{FAE04EC0-301F-11D3-BF4B-00C04F79EFBC}") = "PartialDemo", "PartialDemo.csproj", "{EBA3722D-C8C8-4D33-AC3E-F068E28EB644}"
EndProject
Global
	GlobalSection(SolutionConfigurationPlatforms) = preSolution
		Debug|Any CPU = Debug|Any CPU
		Release|Any CPU = Release|Any CPU
	EndGlobalSection
	GlobalSection(ProjectConfigurationPlatforms) = postSolution
		{EBA3722D-C8C8-4D33-AC3E-F068E28EB644}.Debug|Any CPU.ActiveCfg = Debug|Any CPU
		{EBA3722D-C8C8-4D33-AC3E-F068E28EB644}.Debug|Any CPU.Build.0 = Debug|Any CPU
		{EBA3722D-C8C8-4D33-AC3E-F068E28EB644}.Release|Any CPU.ActiveCfg = Release|Any CPU
		{EBA3722D-C8C8-4D33-AC3E-F068E28EB644}.Release|Any CPU.Build.0 = Release|Any CPU
	EndGlobalSection
	GlobalSection(SolutionProperties) = preSolution
		HideSolutionNode = FALSE
	EndGlobalSection
	GlobalSection(ExtensibilityGlobals) = postSolution
		SolutionGuid = {95E7D070-FDA9-4948-9A84-3B999F91A905}
	EndGlobalSection
EndGlobal
